// !$*UTF8*$!
{
	archiveVersion = 1;
	classes = {
	};
	objectVersion = 46;
	objects = {

/* Begin PBXBuildFile section */
		EB28D33A1EBB655500E77397 /* ReferenceViewController.swift in Sources */ = {isa = PBXBuildFile; fileRef = EB28D3391EBB655500E77397 /* ReferenceViewController.swift */; };
		EB28D33E1EBD594100E77397 /* RegistrationViewController.swift in Sources */ = {isa = PBXBuildFile; fileRef = EB28D33D1EBD594100E77397 /* RegistrationViewController.swift */; };
		EB28D3401EC34FCA00E77397 /* UIBarButtonCompose_2x_cd7e6340-c981-4dc4-85ae-63ae5a64ccfc.png in Resources */ = {isa = PBXBuildFile; fileRef = EB28D33F1EC34FCA00E77397 /* UIBarButtonCompose_2x_cd7e6340-c981-4dc4-85ae-63ae5a64ccfc.png */; };
		EB9CBE201EAAFFB400238D52 /* Extention.swift in Sources */ = {isa = PBXBuildFile; fileRef = EB9CBE1F1EAAFFB400238D52 /* Extention.swift */; };
		EB9CBE6F1EB6CF8A00238D52 /* Wine+CoreDataClass.swift in Sources */ = {isa = PBXBuildFile; fileRef = EB9CBE6D1EB6CF8A00238D52 /* Wine+CoreDataClass.swift */; };
		EB9CBE701EB6CF8A00238D52 /* Wine+CoreDataProperties.swift in Sources */ = {isa = PBXBuildFile; fileRef = EB9CBE6E1EB6CF8A00238D52 /* Wine+CoreDataProperties.swift */; };
		EB9CBE721EB9A0D200238D52 /* Enum.swift in Sources */ = {isa = PBXBuildFile; fileRef = EB9CBE711EB9A0D200238D52 /* Enum.swift */; };
		EBA9C4491E9E526400311E3B /* AppDelegate.swift in Sources */ = {isa = PBXBuildFile; fileRef = EBA9C4481E9E526400311E3B /* AppDelegate.swift */; };
		EBA9C44E1E9E526400311E3B /* Main.storyboard in Resources */ = {isa = PBXBuildFile; fileRef = EBA9C44C1E9E526400311E3B /* Main.storyboard */; };
		EBA9C4511E9E526400311E3B /* WineList.xcdatamodeld in Sources */ = {isa = PBXBuildFile; fileRef = EBA9C44F1E9E526400311E3B /* WineList.xcdatamodeld */; };
		EBA9C4531E9E526400311E3B /* Assets.xcassets in Resources */ = {isa = PBXBuildFile; fileRef = EBA9C4521E9E526400311E3B /* Assets.xcassets */; };
		EBA9C4611E9E526400311E3B /* WineListTests.swift in Sources */ = {isa = PBXBuildFile; fileRef = EBA9C4601E9E526400311E3B /* WineListTests.swift */; };
		EBA9C46C1E9E526400311E3B /* WineListUITests.swift in Sources */ = {isa = PBXBuildFile; fileRef = EBA9C46B1E9E526400311E3B /* WineListUITests.swift */; };
		EBA9C47C1E9E5A9300311E3B /* MasterViewController.swift in Sources */ = {isa = PBXBuildFile; fileRef = EBA9C47B1E9E5A9300311E3B /* MasterViewController.swift */; };
		EBA9C47E1E9E5B4D00311E3B /* DetailViewController.swift in Sources */ = {isa = PBXBuildFile; fileRef = EBA9C47D1E9E5B4D00311E3B /* DetailViewController.swift */; };
		EBA9C4831E9E603200311E3B /* test_evening_sample.png in Resources */ = {isa = PBXBuildFile; fileRef = EBA9C4801E9E603200311E3B /* test_evening_sample.png */; };
		EBA9C4841E9E603200311E3B /* test_morning_sample.png in Resources */ = {isa = PBXBuildFile; fileRef = EBA9C4811E9E603200311E3B /* test_morning_sample.png */; };
		EBA9C4851E9E603200311E3B /* test_night_sample.png in Resources */ = {isa = PBXBuildFile; fileRef = EBA9C4821E9E603200311E3B /* test_night_sample.png */; };
/* End PBXBuildFile section */

/* Begin PBXContainerItemProxy section */
		EBA9C45D1E9E526400311E3B /* PBXContainerItemProxy */ = {
			isa = PBXContainerItemProxy;
			containerPortal = EBA9C43D1E9E526400311E3B /* Project object */;
			proxyType = 1;
			remoteGlobalIDString = EBA9C4441E9E526400311E3B;
			remoteInfo = WineList;
		};
		EBA9C4681E9E526400311E3B /* PBXContainerItemProxy */ = {
			isa = PBXContainerItemProxy;
			containerPortal = EBA9C43D1E9E526400311E3B /* Project object */;
			proxyType = 1;
			remoteGlobalIDString = EBA9C4441E9E526400311E3B;
			remoteInfo = WineList;
		};
/* End PBXContainerItemProxy section */

/* Begin PBXFileReference section */
		EB28D3391EBB655500E77397 /* ReferenceViewController.swift */ = {isa = PBXFileReference; fileEncoding = 4; lastKnownFileType = sourcecode.swift; path = ReferenceViewController.swift; sourceTree = "<group>"; };
		EB28D33D1EBD594100E77397 /* RegistrationViewController.swift */ = {isa = PBXFileReference; fileEncoding = 4; lastKnownFileType = sourcecode.swift; path = RegistrationViewController.swift; sourceTree = "<group>"; };
		EB28D33F1EC34FCA00E77397 /* UIBarButtonCompose_2x_cd7e6340-c981-4dc4-85ae-63ae5a64ccfc.png */ = {isa = PBXFileReference; lastKnownFileType = image.png; path = "UIBarButtonCompose_2x_cd7e6340-c981-4dc4-85ae-63ae5a64ccfc.png"; sourceTree = "<group>"; };
		EB9CBE1F1EAAFFB400238D52 /* Extention.swift */ = {isa = PBXFileReference; fileEncoding = 4; lastKnownFileType = sourcecode.swift; path = Extention.swift; sourceTree = "<group>"; };
		EB9CBE6D1EB6CF8A00238D52 /* Wine+CoreDataClass.swift */ = {isa = PBXFileReference; fileEncoding = 4; lastKnownFileType = sourcecode.swift; name = "Wine+CoreDataClass.swift"; path = "WineList/Wine+CoreDataClass.swift"; sourceTree = "<group>"; };
		EB9CBE6E1EB6CF8A00238D52 /* Wine+CoreDataProperties.swift */ = {isa = PBXFileReference; fileEncoding = 4; lastKnownFileType = sourcecode.swift; name = "Wine+CoreDataProperties.swift"; path = "WineList/Wine+CoreDataProperties.swift"; sourceTree = "<group>"; };
		EB9CBE711EB9A0D200238D52 /* Enum.swift */ = {isa = PBXFileReference; fileEncoding = 4; lastKnownFileType = sourcecode.swift; path = Enum.swift; sourceTree = "<group>"; };
		EBA9C4451E9E526400311E3B /* WineList.app */ = {isa = PBXFileReference; explicitFileType = wrapper.application; includeInIndex = 0; path = WineList.app; sourceTree = BUILT_PRODUCTS_DIR; };
		EBA9C4481E9E526400311E3B /* AppDelegate.swift */ = {isa = PBXFileReference; lastKnownFileType = sourcecode.swift; path = AppDelegate.swift; sourceTree = "<group>"; };
		EBA9C44D1E9E526400311E3B /* Base */ = {isa = PBXFileReference; lastKnownFileType = file.storyboard; name = Base; path = Base.lproj/Main.storyboard; sourceTree = "<group>"; };
		EBA9C4501E9E526400311E3B /* WineList.xcdatamodel */ = {isa = PBXFileReference; lastKnownFileType = wrapper.xcdatamodel; path = WineList.xcdatamodel; sourceTree = "<group>"; };
		EBA9C4521E9E526400311E3B /* Assets.xcassets */ = {isa = PBXFileReference; lastKnownFileType = folder.assetcatalog; path = Assets.xcassets; sourceTree = "<group>"; };
		EBA9C4571E9E526400311E3B /* Info.plist */ = {isa = PBXFileReference; lastKnownFileType = text.plist.xml; path = Info.plist; sourceTree = "<group>"; };
		EBA9C45C1E9E526400311E3B /* WineListTests.xctest */ = {isa = PBXFileReference; explicitFileType = wrapper.cfbundle; includeInIndex = 0; path = WineListTests.xctest; sourceTree = BUILT_PRODUCTS_DIR; };
		EBA9C4601E9E526400311E3B /* WineListTests.swift */ = {isa = PBXFileReference; lastKnownFileType = sourcecode.swift; path = WineListTests.swift; sourceTree = "<group>"; };
		EBA9C4621E9E526400311E3B /* Info.plist */ = {isa = PBXFileReference; lastKnownFileType = text.plist.xml; path = Info.plist; sourceTree = "<group>"; };
		EBA9C4671E9E526400311E3B /* WineListUITests.xctest */ = {isa = PBXFileReference; explicitFileType = wrapper.cfbundle; includeInIndex = 0; path = WineListUITests.xctest; sourceTree = BUILT_PRODUCTS_DIR; };
		EBA9C46B1E9E526400311E3B /* WineListUITests.swift */ = {isa = PBXFileReference; lastKnownFileType = sourcecode.swift; path = WineListUITests.swift; sourceTree = "<group>"; };
		EBA9C46D1E9E526400311E3B /* Info.plist */ = {isa = PBXFileReference; lastKnownFileType = text.plist.xml; path = Info.plist; sourceTree = "<group>"; };
		EBA9C47B1E9E5A9300311E3B /* MasterViewController.swift */ = {isa = PBXFileReference; fileEncoding = 4; lastKnownFileType = sourcecode.swift; path = MasterViewController.swift; sourceTree = "<group>"; };
		EBA9C47D1E9E5B4D00311E3B /* DetailViewController.swift */ = {isa = PBXFileReference; fileEncoding = 4; lastKnownFileType = sourcecode.swift; path = DetailViewController.swift; sourceTree = "<group>"; };
		EBA9C4801E9E603200311E3B /* test_evening_sample.png */ = {isa = PBXFileReference; lastKnownFileType = image.png; path = test_evening_sample.png; sourceTree = "<group>"; };
		EBA9C4811E9E603200311E3B /* test_morning_sample.png */ = {isa = PBXFileReference; lastKnownFileType = image.png; path = test_morning_sample.png; sourceTree = "<group>"; };
		EBA9C4821E9E603200311E3B /* test_night_sample.png */ = {isa = PBXFileReference; lastKnownFileType = image.png; path = test_night_sample.png; sourceTree = "<group>"; };
/* End PBXFileReference section */

/* Begin PBXFrameworksBuildPhase section */
		EBA9C4421E9E526400311E3B /* Frameworks */ = {
			isa = PBXFrameworksBuildPhase;
			buildActionMask = 2147483647;
			files = (
			);
			runOnlyForDeploymentPostprocessing = 0;
		};
		EBA9C4591E9E526400311E3B /* Frameworks */ = {
			isa = PBXFrameworksBuildPhase;
			buildActionMask = 2147483647;
			files = (
			);
			runOnlyForDeploymentPostprocessing = 0;
		};
		EBA9C4641E9E526400311E3B /* Frameworks */ = {
			isa = PBXFrameworksBuildPhase;
			buildActionMask = 2147483647;
			files = (
			);
			runOnlyForDeploymentPostprocessing = 0;
		};
/* End PBXFrameworksBuildPhase section */

/* Begin PBXGroup section */
		EBA9C43C1E9E526400311E3B = {
			isa = PBXGroup;
			children = (
				EB9CBE6D1EB6CF8A00238D52 /* Wine+CoreDataClass.swift */,
				EB9CBE6E1EB6CF8A00238D52 /* Wine+CoreDataProperties.swift */,
				EBA9C4471E9E526400311E3B /* WineList */,
				EBA9C45F1E9E526400311E3B /* WineListTests */,
				EBA9C46A1E9E526400311E3B /* WineListUITests */,
				EBA9C4461E9E526400311E3B /* Products */,
			);
			sourceTree = "<group>";
		};
		EBA9C4461E9E526400311E3B /* Products */ = {
			isa = PBXGroup;
			children = (
				EBA9C4451E9E526400311E3B /* WineList.app */,
				EBA9C45C1E9E526400311E3B /* WineListTests.xctest */,
				EBA9C4671E9E526400311E3B /* WineListUITests.xctest */,
			);
			name = Products;
			sourceTree = "<group>";
		};
		EBA9C4471E9E526400311E3B /* WineList */ = {
			isa = PBXGroup;
			children = (
				EBA9C47F1E9E601100311E3B /* images */,
				EBA9C4481E9E526400311E3B /* AppDelegate.swift */,
				EBA9C44C1E9E526400311E3B /* Main.storyboard */,
				EBA9C4521E9E526400311E3B /* Assets.xcassets */,
				EBA9C4571E9E526400311E3B /* Info.plist */,
				EBA9C44F1E9E526400311E3B /* WineList.xcdatamodeld */,
				EBA9C47B1E9E5A9300311E3B /* MasterViewController.swift */,
				EBA9C47D1E9E5B4D00311E3B /* DetailViewController.swift */,
				EB28D3391EBB655500E77397 /* ReferenceViewController.swift */,
				EB9CBE1F1EAAFFB400238D52 /* Extention.swift */,
				EB9CBE711EB9A0D200238D52 /* Enum.swift */,
				EB28D33D1EBD594100E77397 /* RegistrationViewController.swift */,
			);
			path = WineList;
			sourceTree = "<group>";
		};
		EBA9C45F1E9E526400311E3B /* WineListTests */ = {
			isa = PBXGroup;
			children = (
				EBA9C4601E9E526400311E3B /* WineListTests.swift */,
				EBA9C4621E9E526400311E3B /* Info.plist */,
			);
			path = WineListTests;
			sourceTree = "<group>";
		};
		EBA9C46A1E9E526400311E3B /* WineListUITests */ = {
			isa = PBXGroup;
			children = (
				EBA9C46B1E9E526400311E3B /* WineListUITests.swift */,
				EBA9C46D1E9E526400311E3B /* Info.plist */,
			);
			path = WineListUITests;
			sourceTree = "<group>";
		};
		EBA9C47F1E9E601100311E3B /* images */ = {
			isa = PBXGroup;
			children = (
				EB28D33F1EC34FCA00E77397 /* UIBarButtonCompose_2x_cd7e6340-c981-4dc4-85ae-63ae5a64ccfc.png */,
				EBA9C4801E9E603200311E3B /* test_evening_sample.png */,
				EBA9C4811E9E603200311E3B /* test_morning_sample.png */,
				EBA9C4821E9E603200311E3B /* test_night_sample.png */,
			);
			name = images;
			sourceTree = "<group>";
		};
/* End PBXGroup section */

/* Begin PBXNativeTarget section */
		EBA9C4441E9E526400311E3B /* WineList */ = {
			isa = PBXNativeTarget;
			buildConfigurationList = EBA9C4701E9E526400311E3B /* Build configuration list for PBXNativeTarget "WineList" */;
			buildPhases = (
				EBA9C4411E9E526400311E3B /* Sources */,
				EBA9C4421E9E526400311E3B /* Frameworks */,
				EBA9C4431E9E526400311E3B /* Resources */,
			);
			buildRules = (
			);
			dependencies = (
			);
			name = WineList;
			productName = WineList;
			productReference = EBA9C4451E9E526400311E3B /* WineList.app */;
			productType = "com.apple.product-type.application";
		};
		EBA9C45B1E9E526400311E3B /* WineListTests */ = {
			isa = PBXNativeTarget;
			buildConfigurationList = EBA9C4731E9E526400311E3B /* Build configuration list for PBXNativeTarget "WineListTests" */;
			buildPhases = (
				EBA9C4581E9E526400311E3B /* Sources */,
				EBA9C4591E9E526400311E3B /* Frameworks */,
				EBA9C45A1E9E526400311E3B /* Resources */,
			);
			buildRules = (
			);
			dependencies = (
				EBA9C45E1E9E526400311E3B /* PBXTargetDependency */,
			);
			name = WineListTests;
			productName = WineListTests;
			productReference = EBA9C45C1E9E526400311E3B /* WineListTests.xctest */;
			productType = "com.apple.product-type.bundle.unit-test";
		};
		EBA9C4661E9E526400311E3B /* WineListUITests */ = {
			isa = PBXNativeTarget;
			buildConfigurationList = EBA9C4761E9E526400311E3B /* Build configuration list for PBXNativeTarget "WineListUITests" */;
			buildPhases = (
				EBA9C4631E9E526400311E3B /* Sources */,
				EBA9C4641E9E526400311E3B /* Frameworks */,
				EBA9C4651E9E526400311E3B /* Resources */,
			);
			buildRules = (
			);
			dependencies = (
				EBA9C4691E9E526400311E3B /* PBXTargetDependency */,
			);
			name = WineListUITests;
			productName = WineListUITests;
			productReference = EBA9C4671E9E526400311E3B /* WineListUITests.xctest */;
			productType = "com.apple.product-type.bundle.ui-testing";
		};
/* End PBXNativeTarget section */

/* Begin PBXProject section */
		EBA9C43D1E9E526400311E3B /* Project object */ = {
			isa = PBXProject;
			attributes = {
				LastSwiftUpdateCheck = 0830;
				LastUpgradeCheck = 0830;
				ORGANIZATIONNAME = "Koji Tsurusawa";
				TargetAttributes = {
					EBA9C4441E9E526400311E3B = {
						CreatedOnToolsVersion = 8.3.1;
						DevelopmentTeam = Z54726MSTW;
						ProvisioningStyle = Automatic;
					};
					EBA9C45B1E9E526400311E3B = {
						CreatedOnToolsVersion = 8.3.1;
						DevelopmentTeam = Z54726MSTW;
						ProvisioningStyle = Automatic;
						TestTargetID = EBA9C4441E9E526400311E3B;
					};
					EBA9C4661E9E526400311E3B = {
						CreatedOnToolsVersion = 8.3.1;
						DevelopmentTeam = Z54726MSTW;
						ProvisioningStyle = Automatic;
						TestTargetID = EBA9C4441E9E526400311E3B;
					};
				};
			};
			buildConfigurationList = EBA9C4401E9E526400311E3B /* Build configuration list for PBXProject "WineList" */;
			compatibilityVersion = "Xcode 3.2";
			developmentRegion = English;
			hasScannedForEncodings = 0;
			knownRegions = (
				en,
				Base,
			);
			mainGroup = EBA9C43C1E9E526400311E3B;
			productRefGroup = EBA9C4461E9E526400311E3B /* Products */;
			projectDirPath = "";
			projectRoot = "";
			targets = (
				EBA9C4441E9E526400311E3B /* WineList */,
				EBA9C45B1E9E526400311E3B /* WineListTests */,
				EBA9C4661E9E526400311E3B /* WineListUITests */,
			);
		};
/* End PBXProject section */

/* Begin PBXResourcesBuildPhase section */
		EBA9C4431E9E526400311E3B /* Resources */ = {
			isa = PBXResourcesBuildPhase;
			buildActionMask = 2147483647;
			files = (
				EBA9C4841E9E603200311E3B /* test_morning_sample.png in Resources */,
				EB28D3401EC34FCA00E77397 /* UIBarButtonCompose_2x_cd7e6340-c981-4dc4-85ae-63ae5a64ccfc.png in Resources */,
				EBA9C4851E9E603200311E3B /* test_night_sample.png in Resources */,
				EBA9C4831E9E603200311E3B /* test_evening_sample.png in Resources */,
				EBA9C4531E9E526400311E3B /* Assets.xcassets in Resources */,
				EBA9C44E1E9E526400311E3B /* Main.storyboard in Resources */,
			);
			runOnlyForDeploymentPostprocessing = 0;
		};
		EBA9C45A1E9E526400311E3B /* Resources */ = {
			isa = PBXResourcesBuildPhase;
			buildActionMask = 2147483647;
			files = (
			);
			runOnlyForDeploymentPostprocessing = 0;
		};
		EBA9C4651E9E526400311E3B /* Resources */ = {
			isa = PBXResourcesBuildPhase;
			buildActionMask = 2147483647;
			files = (
			);
			runOnlyForDeploymentPostprocessing = 0;
		};
/* End PBXResourcesBuildPhase section */

/* Begin PBXSourcesBuildPhase section */
		EBA9C4411E9E526400311E3B /* Sources */ = {
			isa = PBXSourcesBuildPhase;
			buildActionMask = 2147483647;
			files = (
				EBA9C47C1E9E5A9300311E3B /* MasterViewController.swift in Sources */,
				EBA9C47E1E9E5B4D00311E3B /* DetailViewController.swift in Sources */,
				EB9CBE6F1EB6CF8A00238D52 /* Wine+CoreDataClass.swift in Sources */,
				EBA9C4491E9E526400311E3B /* AppDelegate.swift in Sources */,
				EB28D33E1EBD594100E77397 /* RegistrationViewController.swift in Sources */,
				EBA9C4511E9E526400311E3B /* WineList.xcdatamodeld in Sources */,
				EB9CBE201EAAFFB400238D52 /* Extention.swift in Sources */,
				EB9CBE701EB6CF8A00238D52 /* Wine+CoreDataProperties.swift in Sources */,
				EB28D33A1EBB655500E77397 /* ReferenceViewController.swift in Sources */,
				EB9CBE721EB9A0D200238D52 /* Enum.swift in Sources */,
			);
			runOnlyForDeploymentPostprocessing = 0;
		};
		EBA9C4581E9E526400311E3B /* Sources */ = {
			isa = PBXSourcesBuildPhase;
			buildActionMask = 2147483647;
			files = (
				EBA9C4611E9E526400311E3B /* WineListTests.swift in Sources */,
			);
			runOnlyForDeploymentPostprocessing = 0;
		};
		EBA9C4631E9E526400311E3B /* Sources */ = {
			isa = PBXSourcesBuildPhase;
			buildActionMask = 2147483647;
			files = (
				EBA9C46C1E9E526400311E3B /* WineListUITests.swift in Sources */,
			);
			runOnlyForDeploymentPostprocessing = 0;
		};
/* End PBXSourcesBuildPhase section */

/* Begin PBXTargetDependency section */
		EBA9C45E1E9E526400311E3B /* PBXTargetDependency */ = {
			isa = PBXTargetDependency;
			target = EBA9C4441E9E526400311E3B /* WineList */;
			targetProxy = EBA9C45D1E9E526400311E3B /* PBXContainerItemProxy */;
		};
		EBA9C4691E9E526400311E3B /* PBXTargetDependency */ = {
			isa = PBXTargetDependency;
			target = EBA9C4441E9E526400311E3B /* WineList */;
			targetProxy = EBA9C4681E9E526400311E3B /* PBXContainerItemProxy */;
		};
/* End PBXTargetDependency section */

/* Begin PBXVariantGroup section */
		EBA9C44C1E9E526400311E3B /* Main.storyboard */ = {
			isa = PBXVariantGroup;
			children = (
				EBA9C44D1E9E526400311E3B /* Base */,
			);
			name = Main.storyboard;
			sourceTree = "<group>";
		};
/* End PBXVariantGroup section */

/* Begin XCBuildConfiguration section */
		EBA9C46E1E9E526400311E3B /* Debug */ = {
			isa = XCBuildConfiguration;
			buildSettings = {
				ALWAYS_SEARCH_USER_PATHS = NO;
				CLANG_ANALYZER_NONNULL = YES;
				CLANG_ANALYZER_NUMBER_OBJECT_CONVERSION = YES_AGGRESSIVE;
				CLANG_CXX_LANGUAGE_STANDARD = "gnu++0x";
				CLANG_CXX_LIBRARY = "libc++";
				CLANG_ENABLE_MODULES = YES;
				CLANG_ENABLE_OBJC_ARC = YES;
				CLANG_WARN_BOOL_CONVERSION = YES;
				CLANG_WARN_CONSTANT_CONVERSION = YES;
				CLANG_WARN_DIRECT_OBJC_ISA_USAGE = YES_ERROR;
				CLANG_WARN_DOCUMENTATION_COMMENTS = YES;
				CLANG_WARN_EMPTY_BODY = YES;
				CLANG_WARN_ENUM_CONVERSION = YES;
				CLANG_WARN_INFINITE_RECURSION = YES;
				CLANG_WARN_INT_CONVERSION = YES;
				CLANG_WARN_OBJC_ROOT_CLASS = YES_ERROR;
				CLANG_WARN_SUSPICIOUS_MOVE = YES;
				CLANG_WARN_UNREACHABLE_CODE = YES;
				CLANG_WARN__DUPLICATE_METHOD_MATCH = YES;
				"CODE_SIGN_IDENTITY[sdk=iphoneos*]" = "iPhone Developer";
				COPY_PHASE_STRIP = NO;
				DEBUG_INFORMATION_FORMAT = dwarf;
				ENABLE_STRICT_OBJC_MSGSEND = YES;
				ENABLE_TESTABILITY = YES;
				GCC_C_LANGUAGE_STANDARD = gnu99;
				GCC_DYNAMIC_NO_PIC = NO;
				GCC_NO_COMMON_BLOCKS = YES;
				GCC_OPTIMIZATION_LEVEL = 0;
				GCC_PREPROCESSOR_DEFINITIONS = (
					"DEBUG=1",
					"$(inherited)",
				);
				GCC_WARN_64_TO_32_BIT_CONVERSION = YES;
				GCC_WARN_ABOUT_RETURN_TYPE = YES_ERROR;
				GCC_WARN_UNDECLARED_SELECTOR = YES;
				GCC_WARN_UNINITIALIZED_AUTOS = YES_AGGRESSIVE;
				GCC_WARN_UNUSED_FUNCTION = YES;
				GCC_WARN_UNUSED_VARIABLE = YES;
				IPHONEOS_DEPLOYMENT_TARGET = 10.3;
				MTL_ENABLE_DEBUG_INFO = YES;
				ONLY_ACTIVE_ARCH = YES;
				SDKROOT = iphoneos;
				SWIFT_ACTIVE_COMPILATION_CONDITIONS = DEBUG;
				SWIFT_OPTIMIZATION_LEVEL = "-Onone";
				TARGETED_DEVICE_FAMILY = 2;
			};
			name = Debug;
		};
		EBA9C46F1E9E526400311E3B /* Release */ = {
			isa = XCBuildConfiguration;
			buildSettings = {
				ALWAYS_SEARCH_USER_PATHS = NO;
				CLANG_ANALYZER_NONNULL = YES;
				CLANG_ANALYZER_NUMBER_OBJECT_CONVERSION = YES_AGGRESSIVE;
				CLANG_CXX_LANGUAGE_STANDARD = "gnu++0x";
				CLANG_CXX_LIBRARY = "libc++";
				CLANG_ENABLE_MODULES = YES;
				CLANG_ENABLE_OBJC_ARC = YES;
				CLANG_WARN_BOOL_CONVERSION = YES;
				CLANG_WARN_CONSTANT_CONVERSION = YES;
				CLANG_WARN_DIRECT_OBJC_ISA_USAGE = YES_ERROR;
				CLANG_WARN_DOCUMENTATION_COMMENTS = YES;
				CLANG_WARN_EMPTY_BODY = YES;
				CLANG_WARN_ENUM_CONVERSION = YES;
				CLANG_WARN_INFINITE_RECURSION = YES;
				CLANG_WARN_INT_CONVERSION = YES;
				CLANG_WARN_OBJC_ROOT_CLASS = YES_ERROR;
				CLANG_WARN_SUSPICIOUS_MOVE = YES;
				CLANG_WARN_UNREACHABLE_CODE = YES;
				CLANG_WARN__DUPLICATE_METHOD_MATCH = YES;
				"CODE_SIGN_IDENTITY[sdk=iphoneos*]" = "iPhone Developer";
				COPY_PHASE_STRIP = NO;
				DEBUG_INFORMATION_FORMAT = "dwarf-with-dsym";
				ENABLE_NS_ASSERTIONS = NO;
				ENABLE_STRICT_OBJC_MSGSEND = YES;
				GCC_C_LANGUAGE_STANDARD = gnu99;
				GCC_NO_COMMON_BLOCKS = YES;
				GCC_WARN_64_TO_32_BIT_CONVERSION = YES;
				GCC_WARN_ABOUT_RETURN_TYPE = YES_ERROR;
				GCC_WARN_UNDECLARED_SELECTOR = YES;
				GCC_WARN_UNINITIALIZED_AUTOS = YES_AGGRESSIVE;
				GCC_WARN_UNUSED_FUNCTION = YES;
				GCC_WARN_UNUSED_VARIABLE = YES;
				IPHONEOS_DEPLOYMENT_TARGET = 10.3;
				MTL_ENABLE_DEBUG_INFO = NO;
				SDKROOT = iphoneos;
				SWIFT_OPTIMIZATION_LEVEL = "-Owholemodule";
				TARGETED_DEVICE_FAMILY = 2;
				VALIDATE_PRODUCT = YES;
			};
			name = Release;
		};
		EBA9C4711E9E526400311E3B /* Debug */ = {
			isa = XCBuildConfiguration;
			buildSettings = {
				ASSETCATALOG_COMPILER_APPICON_NAME = AppIcon;
				DEVELOPMENT_TEAM = Z54726MSTW;
				INFOPLIST_FILE = WineList/Info.plist;
				LD_RUNPATH_SEARCH_PATHS = "$(inherited) @executable_path/Frameworks";
				PRODUCT_BUNDLE_IDENTIFIER = tsurulab.jp.WineList;
				PRODUCT_NAME = "$(TARGET_NAME)";
				SWIFT_VERSION = 3.0;
			};
			name = Debug;
		};
		EBA9C4721E9E526400311E3B /* Release */ = {
			isa = XCBuildConfiguration;
			buildSettings = {
				ASSETCATALOG_COMPILER_APPICON_NAME = AppIcon;
				DEVELOPMENT_TEAM = Z54726MSTW;
				INFOPLIST_FILE = WineList/Info.plist;
				LD_RUNPATH_SEARCH_PATHS = "$(inherited) @executable_path/Frameworks";
				PRODUCT_BUNDLE_IDENTIFIER = tsurulab.jp.WineList;
				PRODUCT_NAME = "$(TARGET_NAME)";
				SWIFT_VERSION = 3.0;
			};
			name = Release;
		};
		EBA9C4741E9E526400311E3B /* Debug */ = {
			isa = XCBuildConfiguration;
			buildSettings = {
				ALWAYS_EMBED_SWIFT_STANDARD_LIBRARIES = YES;
				BUNDLE_LOADER = "$(TEST_HOST)";
				DEVELOPMENT_TEAM = Z54726MSTW;
				INFOPLIST_FILE = WineListTests/Info.plist;
				LD_RUNPATH_SEARCH_PATHS = "$(inherited) @executable_path/Frameworks @loader_path/Frameworks";
				PRODUCT_BUNDLE_IDENTIFIER = tsurulab.jp.WineListTests;
				PRODUCT_NAME = "$(TARGET_NAME)";
				SWIFT_VERSION = 3.0;
				TEST_HOST = "$(BUILT_PRODUCTS_DIR)/WineList.app/WineList";
			};
			name = Debug;
		};
		EBA9C4751E9E526400311E3B /* Release */ = {
			isa = XCBuildConfiguration;
			buildSettings = {
				ALWAYS_EMBED_SWIFT_STANDARD_LIBRARIES = YES;
				BUNDLE_LOADER = "$(TEST_HOST)";
				DEVELOPMENT_TEAM = Z54726MSTW;
				INFOPLIST_FILE = WineListTests/Info.plist;
				LD_RUNPATH_SEARCH_PATHS = "$(inherited) @executable_path/Frameworks @loader_path/Frameworks";
				PRODUCT_BUNDLE_IDENTIFIER = tsurulab.jp.WineListTests;
				PRODUCT_NAME = "$(TARGET_NAME)";
				SWIFT_VERSION = 3.0;
				TEST_HOST = "$(BUILT_PRODUCTS_DIR)/WineList.app/WineList";
			};
			name = Release;
		};
		EBA9C4771E9E526400311E3B /* Debug */ = {
			isa = XCBuildConfiguration;
			buildSettings = {
				ALWAYS_EMBED_SWIFT_STANDARD_LIBRARIES = YES;
				DEVELOPMENT_TEAM = Z54726MSTW;
				INFOPLIST_FILE = WineListUITests/Info.plist;
				LD_RUNPATH_SEARCH_PATHS = "$(inherited) @executable_path/Frameworks @loader_path/Frameworks";
				PRODUCT_BUNDLE_IDENTIFIER = tsurulab.jp.WineListUITests;
				PRODUCT_NAME = "$(TARGET_NAME)";
				SWIFT_VERSION = 3.0;
				TEST_TARGET_NAME = WineList;
			};
			name = Debug;
		};
		EBA9C4781E9E526400311E3B /* Release */ = {
			isa = XCBuildConfiguration;
			buildSettings = {
				ALWAYS_EMBED_SWIFT_STANDARD_LIBRARIES = YES;
				DEVELOPMENT_TEAM = Z54726MSTW;
				INFOPLIST_FILE = WineListUITests/Info.plist;
				LD_RUNPATH_SEARCH_PATHS = "$(inherited) @executable_path/Frameworks @loader_path/Frameworks";
				PRODUCT_BUNDLE_IDENTIFIER = tsurulab.jp.WineListUITests;
				PRODUCT_NAME = "$(TARGET_NAME)";
				SWIFT_VERSION = 3.0;
				TEST_TARGET_NAME = WineList;
			};
			name = Release;
		};
/* End XCBuildConfiguration section */

/* Begin XCConfigurationList section */
		EBA9C4401E9E526400311E3B /* Build configuration list for PBXProject "WineList" */ = {
			isa = XCConfigurationList;
			buildConfigurations = (
				EBA9C46E1E9E526400311E3B /* Debug */,
				EBA9C46F1E9E526400311E3B /* Release */,
			);
			defaultConfigurationIsVisible = 0;
			defaultConfigurationName = Release;
		};
		EBA9C4701E9E526400311E3B /* Build configuration list for PBXNativeTarget "WineList" */ = {
			isa = XCConfigurationList;
			buildConfigurations = (
				EBA9C4711E9E526400311E3B /* Debug */,
				EBA9C4721E9E526400311E3B /* Release */,
			);
			defaultConfigurationIsVisible = 0;
			defaultConfigurationName = Release;
		};
		EBA9C4731E9E526400311E3B /* Build configuration list for PBXNativeTarget "WineListTests" */ = {
			isa = XCConfigurationList;
			buildConfigurations = (
				EBA9C4741E9E526400311E3B /* Debug */,
				EBA9C4751E9E526400311E3B /* Release */,
			);
			defaultConfigurationIsVisible = 0;
			defaultConfigurationName = Release;
		};
		EBA9C4761E9E526400311E3B /* Build configuration list for PBXNativeTarget "WineListUITests" */ = {
			isa = XCConfigurationList;
			buildConfigurations = (
				EBA9C4771E9E526400311E3B /* Debug */,
				EBA9C4781E9E526400311E3B /* Release */,
			);
			defaultConfigurationIsVisible = 0;
			defaultConfigurationName = Release;
		};
/* End XCConfigurationList section */

/* Begin XCVersionGroup section */
		EBA9C44F1E9E526400311E3B /* WineList.xcdatamodeld */ = {
			isa = XCVersionGroup;
			children = (
				EBA9C4501E9E526400311E3B /* WineList.xcdatamodel */,
			);
			currentVersion = EBA9C4501E9E526400311E3B /* WineList.xcdatamodel */;
			path = WineList.xcdatamodeld;
			sourceTree = "<group>";
			versionGroupType = wrapper.xcdatamodel;
		};
/* End XCVersionGroup section */
	};
	rootObject = EBA9C43D1E9E526400311E3B /* Project object */;
}
