// !$*UTF8*$!
{
	archiveVersion = 1;
	classes = {
	};
	objectVersion = 46;
	objects = {

/* Begin PBXBuildFile section */
		EB26A02F1F320C700040F42F /* PopupMaterialReferenceViewController.swift in Sources */ = {isa = PBXBuildFile; fileRef = EB26A02E1F320C700040F42F /* PopupMaterialReferenceViewController.swift */; };
		EB26A0391F35573F0040F42F /* grape_r175g51b51_32.png in Resources */ = {isa = PBXBuildFile; fileRef = EB26A0381F35573F0040F42F /* grape_r175g51b51_32.png */; };
		EB26A03B1F3557C30040F42F /* grape_r66g134b244_32.png in Resources */ = {isa = PBXBuildFile; fileRef = EB26A03A1F3557C30040F42F /* grape_r66g134b244_32.png */; };
		EB26A03D1F39EEBA0040F42F /* grape_r66g134b244_128.png in Resources */ = {isa = PBXBuildFile; fileRef = EB26A03C1F39EEBA0040F42F /* grape_r66g134b244_128.png */; };
		EB26A03F1F39FA100040F42F /* two-types-of-wine-1761613_640.jpg in Resources */ = {isa = PBXBuildFile; fileRef = EB26A03E1F39FA100040F42F /* two-types-of-wine-1761613_640.jpg */; };
		EB26A0411F3B4E0B0040F42F /* WineTableViewCell.swift in Sources */ = {isa = PBXBuildFile; fileRef = EB26A0401F3B4E0B0040F42F /* WineTableViewCell.swift */; };
		EB28D33A1EBB655500E77397 /* ReferenceViewController.swift in Sources */ = {isa = PBXBuildFile; fileRef = EB28D3391EBB655500E77397 /* ReferenceViewController.swift */; };
		EB28D33E1EBD594100E77397 /* RegistrationViewController.swift in Sources */ = {isa = PBXBuildFile; fileRef = EB28D33D1EBD594100E77397 /* RegistrationViewController.swift */; };
		EB28D3401EC34FCA00E77397 /* UIBarButtonCompose_2x_cd7e6340-c981-4dc4-85ae-63ae5a64ccfc.png in Resources */ = {isa = PBXBuildFile; fileRef = EB28D33F1EC34FCA00E77397 /* UIBarButtonCompose_2x_cd7e6340-c981-4dc4-85ae-63ae5a64ccfc.png */; };
		EB58B1B01F22F1FF004BDE28 /* Material+CoreDataClass.swift in Sources */ = {isa = PBXBuildFile; fileRef = EB58B1AE1F22F1FF004BDE28 /* Material+CoreDataClass.swift */; };
		EB58B1B11F22F1FF004BDE28 /* Material+CoreDataProperties.swift in Sources */ = {isa = PBXBuildFile; fileRef = EB58B1AF1F22F1FF004BDE28 /* Material+CoreDataProperties.swift */; };
		EB64ABEA1ECDDA630044151E /* WineList.swift in Sources */ = {isa = PBXBuildFile; fileRef = EB64ABE91ECDDA630044151E /* WineList.swift */; };
		EB64ABEC1ECFD8250044151E /* LinkedList.swift in Sources */ = {isa = PBXBuildFile; fileRef = EB64ABEB1ECFD8250044151E /* LinkedList.swift */; };
		EB9CBE201EAAFFB400238D52 /* Extention.swift in Sources */ = {isa = PBXBuildFile; fileRef = EB9CBE1F1EAAFFB400238D52 /* Extention.swift */; };
		EB9CBE6F1EB6CF8A00238D52 /* Wine+CoreDataClass.swift in Sources */ = {isa = PBXBuildFile; fileRef = EB9CBE6D1EB6CF8A00238D52 /* Wine+CoreDataClass.swift */; };
		EB9CBE701EB6CF8A00238D52 /* Wine+CoreDataProperties.swift in Sources */ = {isa = PBXBuildFile; fileRef = EB9CBE6E1EB6CF8A00238D52 /* Wine+CoreDataProperties.swift */; };
		EB9CBE721EB9A0D200238D52 /* Enum.swift in Sources */ = {isa = PBXBuildFile; fileRef = EB9CBE711EB9A0D200238D52 /* Enum.swift */; };
		EBA9C4491E9E526400311E3B /* AppDelegate.swift in Sources */ = {isa = PBXBuildFile; fileRef = EBA9C4481E9E526400311E3B /* AppDelegate.swift */; };
		EBA9C44E1E9E526400311E3B /* Main.storyboard in Resources */ = {isa = PBXBuildFile; fileRef = EBA9C44C1E9E526400311E3B /* Main.storyboard */; };
		EBA9C4511E9E526400311E3B /* WineList.xcdatamodeld in Sources */ = {isa = PBXBuildFile; fileRef = EBA9C44F1E9E526400311E3B /* WineList.xcdatamodeld */; };
		EBA9C4531E9E526400311E3B /* Assets.xcassets in Resources */ = {isa = PBXBuildFile; fileRef = EBA9C4521E9E526400311E3B /* Assets.xcassets */; };
		EBA9C4611E9E526400311E3B /* WineListTests.swift in Sources */ = {isa = PBXBuildFile; fileRef = EBA9C4601E9E526400311E3B /* WineListTests.swift */; };
		EBA9C46C1E9E526400311E3B /* WineListUITests.swift in Sources */ = {isa = PBXBuildFile; fileRef = EBA9C46B1E9E526400311E3B /* WineListUITests.swift */; };
		EBA9C47C1E9E5A9300311E3B /* MasterViewController.swift in Sources */ = {isa = PBXBuildFile; fileRef = EBA9C47B1E9E5A9300311E3B /* MasterViewController.swift */; };
		EBA9C47E1E9E5B4D00311E3B /* DetailViewController.swift in Sources */ = {isa = PBXBuildFile; fileRef = EBA9C47D1E9E5B4D00311E3B /* DetailViewController.swift */; };
		EBA9C4831E9E603200311E3B /* test_evening_sample.png in Resources */ = {isa = PBXBuildFile; fileRef = EBA9C4801E9E603200311E3B /* test_evening_sample.png */; };
		EBA9C4841E9E603200311E3B /* test_morning_sample.png in Resources */ = {isa = PBXBuildFile; fileRef = EBA9C4811E9E603200311E3B /* test_morning_sample.png */; };
		EBA9C4851E9E603200311E3B /* test_night_sample.png in Resources */ = {isa = PBXBuildFile; fileRef = EBA9C4821E9E603200311E3B /* test_night_sample.png */; };
		EBCDF5461EEFFD3B00033689 /* SettingViewController.swift in Sources */ = {isa = PBXBuildFile; fileRef = EBCDF5451EEFFD3B00033689 /* SettingViewController.swift */; };
		EBE305631F1C58CB00DF56D7 /* AbstractRegistrationViewController.swift in Sources */ = {isa = PBXBuildFile; fileRef = EBE305621F1C58CB00DF56D7 /* AbstractRegistrationViewController.swift */; };
		EBF320621EF16AC100797BD6 /* Settings.swift in Sources */ = {isa = PBXBuildFile; fileRef = EBF320611EF16AC100797BD6 /* Settings.swift */; };
		EBF320641EF4CF6B00797BD6 /* Utils.swift in Sources */ = {isa = PBXBuildFile; fileRef = EBF320631EF4CF6B00797BD6 /* Utils.swift */; };
		EBF3206C1EF8A0BE00797BD6 /* Category.storyboard in Resources */ = {isa = PBXBuildFile; fileRef = EBF3206B1EF8A0BE00797BD6 /* Category.storyboard */; };
		EBF3206E1EF8A14300797BD6 /* CategoryMasterViewController.swift in Sources */ = {isa = PBXBuildFile; fileRef = EBF3206D1EF8A14300797BD6 /* CategoryMasterViewController.swift */; };
		EBF320701EF8A16000797BD6 /* CategoryDetailViewController.swift in Sources */ = {isa = PBXBuildFile; fileRef = EBF3206F1EF8A15F00797BD6 /* CategoryDetailViewController.swift */; };
		EBF320721EF8A99300797BD6 /* CategoryList.swift in Sources */ = {isa = PBXBuildFile; fileRef = EBF320711EF8A99300797BD6 /* CategoryList.swift */; };
		EBF320791EF8B60300797BD6 /* Category+CoreDataClass.swift in Sources */ = {isa = PBXBuildFile; fileRef = EBF320771EF8B60300797BD6 /* Category+CoreDataClass.swift */; };
		EBF3207A1EF8B60300797BD6 /* Category+CoreDataProperties.swift in Sources */ = {isa = PBXBuildFile; fileRef = EBF320781EF8B60300797BD6 /* Category+CoreDataProperties.swift */; };
		EBF3207C1EFA885B00797BD6 /* CategoryRegistrationViewController.swift in Sources */ = {isa = PBXBuildFile; fileRef = EBF3207B1EFA885B00797BD6 /* CategoryRegistrationViewController.swift */; };
		EBF3207E1F00DF5A00797BD6 /* DataList.swift in Sources */ = {isa = PBXBuildFile; fileRef = EBF3207D1F00DF5A00797BD6 /* DataList.swift */; };
		EBFAB4741F24394500E7F95A /* Material.storyboard in Resources */ = {isa = PBXBuildFile; fileRef = EBFAB4731F24394500E7F95A /* Material.storyboard */; };
		EBFAB4761F243E8F00E7F95A /* MaterialDetailViewController.swift in Sources */ = {isa = PBXBuildFile; fileRef = EBFAB4751F243E8F00E7F95A /* MaterialDetailViewController.swift */; };
		EBFAB4781F243EE600E7F95A /* MaterialMasterViewController.swift in Sources */ = {isa = PBXBuildFile; fileRef = EBFAB4771F243EE600E7F95A /* MaterialMasterViewController.swift */; };
		EBFAB47A1F243F7600E7F95A /* MaterialRegistrationViewController.swift in Sources */ = {isa = PBXBuildFile; fileRef = EBFAB4791F243F7600E7F95A /* MaterialRegistrationViewController.swift */; };
		EBFAB47C1F26F89500E7F95A /* PopupMaterialSelectViewController.swift in Sources */ = {isa = PBXBuildFile; fileRef = EBFAB47B1F26F89500E7F95A /* PopupMaterialSelectViewController.swift */; };
		EBFAB47E1F2C20BE00E7F95A /* ApplicationContext.swift in Sources */ = {isa = PBXBuildFile; fileRef = EBFAB47D1F2C20BE00E7F95A /* ApplicationContext.swift */; };
		EBFAB4801F2C30B000E7F95A /* MaterialSelectCollectionViewCell.swift in Sources */ = {isa = PBXBuildFile; fileRef = EBFAB47F1F2C30B000E7F95A /* MaterialSelectCollectionViewCell.swift */; };
/* End PBXBuildFile section */

/* Begin PBXContainerItemProxy section */
		EBA9C45D1E9E526400311E3B /* PBXContainerItemProxy */ = {
			isa = PBXContainerItemProxy;
			containerPortal = EBA9C43D1E9E526400311E3B /* Project object */;
			proxyType = 1;
			remoteGlobalIDString = EBA9C4441E9E526400311E3B;
			remoteInfo = WineList;
		};
		EBA9C4681E9E526400311E3B /* PBXContainerItemProxy */ = {
			isa = PBXContainerItemProxy;
			containerPortal = EBA9C43D1E9E526400311E3B /* Project object */;
			proxyType = 1;
			remoteGlobalIDString = EBA9C4441E9E526400311E3B;
			remoteInfo = WineList;
		};
/* End PBXContainerItemProxy section */

/* Begin PBXFileReference section */
		EB26A02E1F320C700040F42F /* PopupMaterialReferenceViewController.swift */ = {isa = PBXFileReference; fileEncoding = 4; lastKnownFileType = sourcecode.swift; path = PopupMaterialReferenceViewController.swift; sourceTree = "<group>"; };
		EB26A0381F35573F0040F42F /* grape_r175g51b51_32.png */ = {isa = PBXFileReference; lastKnownFileType = image.png; path = grape_r175g51b51_32.png; sourceTree = "<group>"; };
		EB26A03A1F3557C30040F42F /* grape_r66g134b244_32.png */ = {isa = PBXFileReference; lastKnownFileType = image.png; path = grape_r66g134b244_32.png; sourceTree = "<group>"; };
		EB26A03C1F39EEBA0040F42F /* grape_r66g134b244_128.png */ = {isa = PBXFileReference; lastKnownFileType = image.png; path = grape_r66g134b244_128.png; sourceTree = "<group>"; };
		EB26A03E1F39FA100040F42F /* two-types-of-wine-1761613_640.jpg */ = {isa = PBXFileReference; lastKnownFileType = image.jpeg; path = "two-types-of-wine-1761613_640.jpg"; sourceTree = "<group>"; };
		EB26A0401F3B4E0B0040F42F /* WineTableViewCell.swift */ = {isa = PBXFileReference; fileEncoding = 4; lastKnownFileType = sourcecode.swift; path = WineTableViewCell.swift; sourceTree = "<group>"; };
		EB28D3391EBB655500E77397 /* ReferenceViewController.swift */ = {isa = PBXFileReference; fileEncoding = 4; lastKnownFileType = sourcecode.swift; path = ReferenceViewController.swift; sourceTree = "<group>"; };
		EB28D33D1EBD594100E77397 /* RegistrationViewController.swift */ = {isa = PBXFileReference; fileEncoding = 4; lastKnownFileType = sourcecode.swift; path = RegistrationViewController.swift; sourceTree = "<group>"; };
		EB28D33F1EC34FCA00E77397 /* UIBarButtonCompose_2x_cd7e6340-c981-4dc4-85ae-63ae5a64ccfc.png */ = {isa = PBXFileReference; lastKnownFileType = image.png; path = "UIBarButtonCompose_2x_cd7e6340-c981-4dc4-85ae-63ae5a64ccfc.png"; sourceTree = "<group>"; };
		EB58B1AE1F22F1FF004BDE28 /* Material+CoreDataClass.swift */ = {isa = PBXFileReference; fileEncoding = 4; lastKnownFileType = sourcecode.swift; name = "Material+CoreDataClass.swift"; path = "WineList/Material+CoreDataClass.swift"; sourceTree = "<group>"; };
		EB58B1AF1F22F1FF004BDE28 /* Material+CoreDataProperties.swift */ = {isa = PBXFileReference; fileEncoding = 4; lastKnownFileType = sourcecode.swift; name = "Material+CoreDataProperties.swift"; path = "WineList/Material+CoreDataProperties.swift"; sourceTree = "<group>"; };
		EB64ABE91ECDDA630044151E /* WineList.swift */ = {isa = PBXFileReference; fileEncoding = 4; lastKnownFileType = sourcecode.swift; path = WineList.swift; sourceTree = "<group>"; };
		EB64ABEB1ECFD8250044151E /* LinkedList.swift */ = {isa = PBXFileReference; fileEncoding = 4; lastKnownFileType = sourcecode.swift; path = LinkedList.swift; sourceTree = "<group>"; };
		EB9CBE1F1EAAFFB400238D52 /* Extention.swift */ = {isa = PBXFileReference; fileEncoding = 4; lastKnownFileType = sourcecode.swift; path = Extention.swift; sourceTree = "<group>"; };
		EB9CBE6D1EB6CF8A00238D52 /* Wine+CoreDataClass.swift */ = {isa = PBXFileReference; fileEncoding = 4; lastKnownFileType = sourcecode.swift; name = "Wine+CoreDataClass.swift"; path = "WineList/Wine+CoreDataClass.swift"; sourceTree = "<group>"; };
		EB9CBE6E1EB6CF8A00238D52 /* Wine+CoreDataProperties.swift */ = {isa = PBXFileReference; fileEncoding = 4; lastKnownFileType = sourcecode.swift; name = "Wine+CoreDataProperties.swift"; path = "WineList/Wine+CoreDataProperties.swift"; sourceTree = "<group>"; };
		EB9CBE711EB9A0D200238D52 /* Enum.swift */ = {isa = PBXFileReference; fileEncoding = 4; lastKnownFileType = sourcecode.swift; path = Enum.swift; sourceTree = "<group>"; };
		EBA9C4451E9E526400311E3B /* WineList.app */ = {isa = PBXFileReference; explicitFileType = wrapper.application; includeInIndex = 0; path = WineList.app; sourceTree = BUILT_PRODUCTS_DIR; };
		EBA9C4481E9E526400311E3B /* AppDelegate.swift */ = {isa = PBXFileReference; lastKnownFileType = sourcecode.swift; path = AppDelegate.swift; sourceTree = "<group>"; };
		EBA9C44D1E9E526400311E3B /* Base */ = {isa = PBXFileReference; lastKnownFileType = file.storyboard; name = Base; path = Base.lproj/Main.storyboard; sourceTree = "<group>"; };
		EBA9C4501E9E526400311E3B /* WineList.xcdatamodel */ = {isa = PBXFileReference; lastKnownFileType = wrapper.xcdatamodel; path = WineList.xcdatamodel; sourceTree = "<group>"; };
		EBA9C4521E9E526400311E3B /* Assets.xcassets */ = {isa = PBXFileReference; lastKnownFileType = folder.assetcatalog; path = Assets.xcassets; sourceTree = "<group>"; };
		EBA9C4571E9E526400311E3B /* Info.plist */ = {isa = PBXFileReference; lastKnownFileType = text.plist.xml; path = Info.plist; sourceTree = "<group>"; };
		EBA9C45C1E9E526400311E3B /* WineListTests.xctest */ = {isa = PBXFileReference; explicitFileType = wrapper.cfbundle; includeInIndex = 0; path = WineListTests.xctest; sourceTree = BUILT_PRODUCTS_DIR; };
		EBA9C4601E9E526400311E3B /* WineListTests.swift */ = {isa = PBXFileReference; lastKnownFileType = sourcecode.swift; path = WineListTests.swift; sourceTree = "<group>"; };
		EBA9C4621E9E526400311E3B /* Info.plist */ = {isa = PBXFileReference; lastKnownFileType = text.plist.xml; path = Info.plist; sourceTree = "<group>"; };
		EBA9C4671E9E526400311E3B /* WineListUITests.xctest */ = {isa = PBXFileReference; explicitFileType = wrapper.cfbundle; includeInIndex = 0; path = WineListUITests.xctest; sourceTree = BUILT_PRODUCTS_DIR; };
		EBA9C46B1E9E526400311E3B /* WineListUITests.swift */ = {isa = PBXFileReference; lastKnownFileType = sourcecode.swift; path = WineListUITests.swift; sourceTree = "<group>"; };
		EBA9C46D1E9E526400311E3B /* Info.plist */ = {isa = PBXFileReference; lastKnownFileType = text.plist.xml; path = Info.plist; sourceTree = "<group>"; };
		EBA9C47B1E9E5A9300311E3B /* MasterViewController.swift */ = {isa = PBXFileReference; fileEncoding = 4; lastKnownFileType = sourcecode.swift; path = MasterViewController.swift; sourceTree = "<group>"; };
		EBA9C47D1E9E5B4D00311E3B /* DetailViewController.swift */ = {isa = PBXFileReference; fileEncoding = 4; lastKnownFileType = sourcecode.swift; path = DetailViewController.swift; sourceTree = "<group>"; };
		EBA9C4801E9E603200311E3B /* test_evening_sample.png */ = {isa = PBXFileReference; lastKnownFileType = image.png; path = test_evening_sample.png; sourceTree = "<group>"; };
		EBA9C4811E9E603200311E3B /* test_morning_sample.png */ = {isa = PBXFileReference; lastKnownFileType = image.png; path = test_morning_sample.png; sourceTree = "<group>"; };
		EBA9C4821E9E603200311E3B /* test_night_sample.png */ = {isa = PBXFileReference; lastKnownFileType = image.png; path = test_night_sample.png; sourceTree = "<group>"; };
		EBCDF5451EEFFD3B00033689 /* SettingViewController.swift */ = {isa = PBXFileReference; fileEncoding = 4; lastKnownFileType = sourcecode.swift; path = SettingViewController.swift; sourceTree = "<group>"; };
		EBE305621F1C58CB00DF56D7 /* AbstractRegistrationViewController.swift */ = {isa = PBXFileReference; fileEncoding = 4; lastKnownFileType = sourcecode.swift; path = AbstractRegistrationViewController.swift; sourceTree = "<group>"; };
		EBF320611EF16AC100797BD6 /* Settings.swift */ = {isa = PBXFileReference; fileEncoding = 4; lastKnownFileType = sourcecode.swift; path = Settings.swift; sourceTree = "<group>"; };
		EBF320631EF4CF6B00797BD6 /* Utils.swift */ = {isa = PBXFileReference; fileEncoding = 4; lastKnownFileType = sourcecode.swift; path = Utils.swift; sourceTree = "<group>"; };
		EBF3206B1EF8A0BE00797BD6 /* Category.storyboard */ = {isa = PBXFileReference; fileEncoding = 4; lastKnownFileType = file.storyboard; path = Category.storyboard; sourceTree = "<group>"; };
		EBF3206D1EF8A14300797BD6 /* CategoryMasterViewController.swift */ = {isa = PBXFileReference; fileEncoding = 4; lastKnownFileType = sourcecode.swift; path = CategoryMasterViewController.swift; sourceTree = "<group>"; };
		EBF3206F1EF8A15F00797BD6 /* CategoryDetailViewController.swift */ = {isa = PBXFileReference; fileEncoding = 4; lastKnownFileType = sourcecode.swift; path = CategoryDetailViewController.swift; sourceTree = "<group>"; };
		EBF320711EF8A99300797BD6 /* CategoryList.swift */ = {isa = PBXFileReference; fileEncoding = 4; lastKnownFileType = sourcecode.swift; path = CategoryList.swift; sourceTree = "<group>"; };
		EBF320771EF8B60300797BD6 /* Category+CoreDataClass.swift */ = {isa = PBXFileReference; fileEncoding = 4; lastKnownFileType = sourcecode.swift; name = "Category+CoreDataClass.swift"; path = "WineList/Category+CoreDataClass.swift"; sourceTree = "<group>"; };
		EBF320781EF8B60300797BD6 /* Category+CoreDataProperties.swift */ = {isa = PBXFileReference; fileEncoding = 4; lastKnownFileType = sourcecode.swift; name = "Category+CoreDataProperties.swift"; path = "WineList/Category+CoreDataProperties.swift"; sourceTree = "<group>"; };
		EBF3207B1EFA885B00797BD6 /* CategoryRegistrationViewController.swift */ = {isa = PBXFileReference; fileEncoding = 4; lastKnownFileType = sourcecode.swift; path = CategoryRegistrationViewController.swift; sourceTree = "<group>"; };
		EBF3207D1F00DF5A00797BD6 /* DataList.swift */ = {isa = PBXFileReference; fileEncoding = 4; lastKnownFileType = sourcecode.swift; path = DataList.swift; sourceTree = "<group>"; };
		EBFAB4731F24394500E7F95A /* Material.storyboard */ = {isa = PBXFileReference; fileEncoding = 4; lastKnownFileType = file.storyboard; path = Material.storyboard; sourceTree = "<group>"; };
		EBFAB4751F243E8F00E7F95A /* MaterialDetailViewController.swift */ = {isa = PBXFileReference; fileEncoding = 4; lastKnownFileType = sourcecode.swift; path = MaterialDetailViewController.swift; sourceTree = "<group>"; };
		EBFAB4771F243EE600E7F95A /* MaterialMasterViewController.swift */ = {isa = PBXFileReference; fileEncoding = 4; lastKnownFileType = sourcecode.swift; path = MaterialMasterViewController.swift; sourceTree = "<group>"; };
		EBFAB4791F243F7600E7F95A /* MaterialRegistrationViewController.swift */ = {isa = PBXFileReference; fileEncoding = 4; lastKnownFileType = sourcecode.swift; path = MaterialRegistrationViewController.swift; sourceTree = "<group>"; };
		EBFAB47B1F26F89500E7F95A /* PopupMaterialSelectViewController.swift */ = {isa = PBXFileReference; fileEncoding = 4; lastKnownFileType = sourcecode.swift; path = PopupMaterialSelectViewController.swift; sourceTree = "<group>"; };
		EBFAB47D1F2C20BE00E7F95A /* ApplicationContext.swift */ = {isa = PBXFileReference; fileEncoding = 4; lastKnownFileType = sourcecode.swift; path = ApplicationContext.swift; sourceTree = "<group>"; };
		EBFAB47F1F2C30B000E7F95A /* MaterialSelectCollectionViewCell.swift */ = {isa = PBXFileReference; fileEncoding = 4; lastKnownFileType = sourcecode.swift; path = MaterialSelectCollectionViewCell.swift; sourceTree = "<group>"; };
/* End PBXFileReference section */

/* Begin PBXFrameworksBuildPhase section */
		EBA9C4421E9E526400311E3B /* Frameworks */ = {
			isa = PBXFrameworksBuildPhase;
			buildActionMask = 2147483647;
			files = (
			);
			runOnlyForDeploymentPostprocessing = 0;
		};
		EBA9C4591E9E526400311E3B /* Frameworks */ = {
			isa = PBXFrameworksBuildPhase;
			buildActionMask = 2147483647;
			files = (
			);
			runOnlyForDeploymentPostprocessing = 0;
		};
		EBA9C4641E9E526400311E3B /* Frameworks */ = {
			isa = PBXFrameworksBuildPhase;
			buildActionMask = 2147483647;
			files = (
			);
			runOnlyForDeploymentPostprocessing = 0;
		};
/* End PBXFrameworksBuildPhase section */

/* Begin PBXGroup section */
		EBA9C43C1E9E526400311E3B = {
			isa = PBXGroup;
			children = (
				EB58B1AE1F22F1FF004BDE28 /* Material+CoreDataClass.swift */,
				EB58B1AF1F22F1FF004BDE28 /* Material+CoreDataProperties.swift */,
				EBF320771EF8B60300797BD6 /* Category+CoreDataClass.swift */,
				EBF320781EF8B60300797BD6 /* Category+CoreDataProperties.swift */,
				EB9CBE6D1EB6CF8A00238D52 /* Wine+CoreDataClass.swift */,
				EB9CBE6E1EB6CF8A00238D52 /* Wine+CoreDataProperties.swift */,
				EBA9C4471E9E526400311E3B /* WineList */,
				EBA9C45F1E9E526400311E3B /* WineListTests */,
				EBA9C46A1E9E526400311E3B /* WineListUITests */,
				EBA9C4461E9E526400311E3B /* Products */,
			);
			sourceTree = "<group>";
		};
		EBA9C4461E9E526400311E3B /* Products */ = {
			isa = PBXGroup;
			children = (
				EBA9C4451E9E526400311E3B /* WineList.app */,
				EBA9C45C1E9E526400311E3B /* WineListTests.xctest */,
				EBA9C4671E9E526400311E3B /* WineListUITests.xctest */,
			);
			name = Products;
			sourceTree = "<group>";
		};
		EBA9C4471E9E526400311E3B /* WineList */ = {
			isa = PBXGroup;
			children = (
				EBA9C47F1E9E601100311E3B /* images */,
				EBA9C4481E9E526400311E3B /* AppDelegate.swift */,
				EBA9C44C1E9E526400311E3B /* Main.storyboard */,
				EBFAB47B1F26F89500E7F95A /* PopupMaterialSelectViewController.swift */,
				EB26A02E1F320C700040F42F /* PopupMaterialReferenceViewController.swift */,
				EBFAB47F1F2C30B000E7F95A /* MaterialSelectCollectionViewCell.swift */,
				EB26A0401F3B4E0B0040F42F /* WineTableViewCell.swift */,
				EBA9C4521E9E526400311E3B /* Assets.xcassets */,
				EBA9C4571E9E526400311E3B /* Info.plist */,
				EBA9C44F1E9E526400311E3B /* WineList.xcdatamodeld */,
				EBA9C47B1E9E5A9300311E3B /* MasterViewController.swift */,
				EBA9C47D1E9E5B4D00311E3B /* DetailViewController.swift */,
				EB28D3391EBB655500E77397 /* ReferenceViewController.swift */,
				EB9CBE1F1EAAFFB400238D52 /* Extention.swift */,
				EB9CBE711EB9A0D200238D52 /* Enum.swift */,
				EB28D33D1EBD594100E77397 /* RegistrationViewController.swift */,
				EBE305621F1C58CB00DF56D7 /* AbstractRegistrationViewController.swift */,
				EB64ABE91ECDDA630044151E /* WineList.swift */,
				EBF320611EF16AC100797BD6 /* Settings.swift */,
				EBFAB47D1F2C20BE00E7F95A /* ApplicationContext.swift */,
				EB64ABEB1ECFD8250044151E /* LinkedList.swift */,
				EBF3207D1F00DF5A00797BD6 /* DataList.swift */,
				EBCDF5451EEFFD3B00033689 /* SettingViewController.swift */,
				EBF320631EF4CF6B00797BD6 /* Utils.swift */,
				EBF3206B1EF8A0BE00797BD6 /* Category.storyboard */,
				EBFAB4731F24394500E7F95A /* Material.storyboard */,
				EBFAB4791F243F7600E7F95A /* MaterialRegistrationViewController.swift */,
				EBFAB4771F243EE600E7F95A /* MaterialMasterViewController.swift */,
				EBFAB4751F243E8F00E7F95A /* MaterialDetailViewController.swift */,
				EBF3207B1EFA885B00797BD6 /* CategoryRegistrationViewController.swift */,
				EBF3206D1EF8A14300797BD6 /* CategoryMasterViewController.swift */,
				EBF3206F1EF8A15F00797BD6 /* CategoryDetailViewController.swift */,
				EBF320711EF8A99300797BD6 /* CategoryList.swift */,
			);
			path = WineList;
			sourceTree = "<group>";
		};
		EBA9C45F1E9E526400311E3B /* WineListTests */ = {
			isa = PBXGroup;
			children = (
				EBA9C4601E9E526400311E3B /* WineListTests.swift */,
				EBA9C4621E9E526400311E3B /* Info.plist */,
			);
			path = WineListTests;
			sourceTree = "<group>";
		};
		EBA9C46A1E9E526400311E3B /* WineListUITests */ = {
			isa = PBXGroup;
			children = (
				EBA9C46B1E9E526400311E3B /* WineListUITests.swift */,
				EBA9C46D1E9E526400311E3B /* Info.plist */,
			);
			path = WineListUITests;
			sourceTree = "<group>";
		};
		EBA9C47F1E9E601100311E3B /* images */ = {
			isa = PBXGroup;
			children = (
				EB26A03E1F39FA100040F42F /* two-types-of-wine-1761613_640.jpg */,
				EB26A03C1F39EEBA0040F42F /* grape_r66g134b244_128.png */,
				EB26A03A1F3557C30040F42F /* grape_r66g134b244_32.png */,
				EB26A0381F35573F0040F42F /* grape_r175g51b51_32.png */,
				EB28D33F1EC34FCA00E77397 /* UIBarButtonCompose_2x_cd7e6340-c981-4dc4-85ae-63ae5a64ccfc.png */,
				EBA9C4801E9E603200311E3B /* test_evening_sample.png */,
				EBA9C4811E9E603200311E3B /* test_morning_sample.png */,
				EBA9C4821E9E603200311E3B /* test_night_sample.png */,
			);
			name = images;
			sourceTree = "<group>";
		};
/* End PBXGroup section */

/* Begin PBXNativeTarget section */
		EBA9C4441E9E526400311E3B /* WineList */ = {
			isa = PBXNativeTarget;
			buildConfigurationList = EBA9C4701E9E526400311E3B /* Build configuration list for PBXNativeTarget "WineList" */;
			buildPhases = (
				EBA9C4411E9E526400311E3B /* Sources */,
				EBA9C4421E9E526400311E3B /* Frameworks */,
				EBA9C4431E9E526400311E3B /* Resources */,
			);
			buildRules = (
			);
			dependencies = (
			);
			name = WineList;
			productName = WineList;
			productReference = EBA9C4451E9E526400311E3B /* WineList.app */;
			productType = "com.apple.product-type.application";
		};
		EBA9C45B1E9E526400311E3B /* WineListTests */ = {
			isa = PBXNativeTarget;
			buildConfigurationList = EBA9C4731E9E526400311E3B /* Build configuration list for PBXNativeTarget "WineListTests" */;
			buildPhases = (
				EBA9C4581E9E526400311E3B /* Sources */,
				EBA9C4591E9E526400311E3B /* Frameworks */,
				EBA9C45A1E9E526400311E3B /* Resources */,
			);
			buildRules = (
			);
			dependencies = (
				EBA9C45E1E9E526400311E3B /* PBXTargetDependency */,
			);
			name = WineListTests;
			productName = WineListTests;
			productReference = EBA9C45C1E9E526400311E3B /* WineListTests.xctest */;
			productType = "com.apple.product-type.bundle.unit-test";
		};
		EBA9C4661E9E526400311E3B /* WineListUITests */ = {
			isa = PBXNativeTarget;
			buildConfigurationList = EBA9C4761E9E526400311E3B /* Build configuration list for PBXNativeTarget "WineListUITests" */;
			buildPhases = (
				EBA9C4631E9E526400311E3B /* Sources */,
				EBA9C4641E9E526400311E3B /* Frameworks */,
				EBA9C4651E9E526400311E3B /* Resources */,
			);
			buildRules = (
			);
			dependencies = (
				EBA9C4691E9E526400311E3B /* PBXTargetDependency */,
			);
			name = WineListUITests;
			productName = WineListUITests;
			productReference = EBA9C4671E9E526400311E3B /* WineListUITests.xctest */;
			productType = "com.apple.product-type.bundle.ui-testing";
		};
/* End PBXNativeTarget section */

/* Begin PBXProject section */
		EBA9C43D1E9E526400311E3B /* Project object */ = {
			isa = PBXProject;
			attributes = {
				LastSwiftUpdateCheck = 0830;
				LastUpgradeCheck = 0830;
				ORGANIZATIONNAME = "Koji Tsurusawa";
				TargetAttributes = {
					EBA9C4441E9E526400311E3B = {
						CreatedOnToolsVersion = 8.3.1;
						DevelopmentTeam = Z54726MSTW;
						ProvisioningStyle = Automatic;
					};
					EBA9C45B1E9E526400311E3B = {
						CreatedOnToolsVersion = 8.3.1;
						DevelopmentTeam = Z54726MSTW;
						ProvisioningStyle = Automatic;
						TestTargetID = EBA9C4441E9E526400311E3B;
					};
					EBA9C4661E9E526400311E3B = {
						CreatedOnToolsVersion = 8.3.1;
						DevelopmentTeam = Z54726MSTW;
						ProvisioningStyle = Automatic;
						TestTargetID = EBA9C4441E9E526400311E3B;
					};
				};
			};
			buildConfigurationList = EBA9C4401E9E526400311E3B /* Build configuration list for PBXProject "WineList" */;
			compatibilityVersion = "Xcode 3.2";
			developmentRegion = English;
			hasScannedForEncodings = 0;
			knownRegions = (
				en,
				Base,
			);
			mainGroup = EBA9C43C1E9E526400311E3B;
			productRefGroup = EBA9C4461E9E526400311E3B /* Products */;
			projectDirPath = "";
			projectRoot = "";
			targets = (
				EBA9C4441E9E526400311E3B /* WineList */,
				EBA9C45B1E9E526400311E3B /* WineListTests */,
				EBA9C4661E9E526400311E3B /* WineListUITests */,
			);
		};
/* End PBXProject section */

/* Begin PBXResourcesBuildPhase section */
		EBA9C4431E9E526400311E3B /* Resources */ = {
			isa = PBXResourcesBuildPhase;
			buildActionMask = 2147483647;
			files = (
				EBA9C4841E9E603200311E3B /* test_morning_sample.png in Resources */,
				EBFAB4741F24394500E7F95A /* Material.storyboard in Resources */,
				EB28D3401EC34FCA00E77397 /* UIBarButtonCompose_2x_cd7e6340-c981-4dc4-85ae-63ae5a64ccfc.png in Resources */,
				EBA9C4851E9E603200311E3B /* test_night_sample.png in Resources */,
				EBF3206C1EF8A0BE00797BD6 /* Category.storyboard in Resources */,
				EBA9C4831E9E603200311E3B /* test_evening_sample.png in Resources */,
				EB26A03B1F3557C30040F42F /* grape_r66g134b244_32.png in Resources */,
				EBA9C4531E9E526400311E3B /* Assets.xcassets in Resources */,
				EB26A03D1F39EEBA0040F42F /* grape_r66g134b244_128.png in Resources */,
				EB26A0391F35573F0040F42F /* grape_r175g51b51_32.png in Resources */,
				EBA9C44E1E9E526400311E3B /* Main.storyboard in Resources */,
				EB26A03F1F39FA100040F42F /* two-types-of-wine-1761613_640.jpg in Resources */,
			);
			runOnlyForDeploymentPostprocessing = 0;
		};
		EBA9C45A1E9E526400311E3B /* Resources */ = {
			isa = PBXResourcesBuildPhase;
			buildActionMask = 2147483647;
			files = (
			);
			runOnlyForDeploymentPostprocessing = 0;
		};
		EBA9C4651E9E526400311E3B /* Resources */ = {
			isa = PBXResourcesBuildPhase;
			buildActionMask = 2147483647;
			files = (
			);
			runOnlyForDeploymentPostprocessing = 0;
		};
/* End PBXResourcesBuildPhase section */

/* Begin PBXSourcesBuildPhase section */
		EBA9C4411E9E526400311E3B /* Sources */ = {
			isa = PBXSourcesBuildPhase;
			buildActionMask = 2147483647;
			files = (
				EBF3207C1EFA885B00797BD6 /* CategoryRegistrationViewController.swift in Sources */,
				EBA9C47C1E9E5A9300311E3B /* MasterViewController.swift in Sources */,
				EB58B1B01F22F1FF004BDE28 /* Material+CoreDataClass.swift in Sources */,
				EBA9C47E1E9E5B4D00311E3B /* DetailViewController.swift in Sources */,
				EBFAB4761F243E8F00E7F95A /* MaterialDetailViewController.swift in Sources */,
				EB9CBE6F1EB6CF8A00238D52 /* Wine+CoreDataClass.swift in Sources */,
				EBF320701EF8A16000797BD6 /* CategoryDetailViewController.swift in Sources */,
				EBCDF5461EEFFD3B00033689 /* SettingViewController.swift in Sources */,
				EBFAB47A1F243F7600E7F95A /* MaterialRegistrationViewController.swift in Sources */,
				EBF320791EF8B60300797BD6 /* Category+CoreDataClass.swift in Sources */,
				EBF320721EF8A99300797BD6 /* CategoryList.swift in Sources */,
				EBF3207A1EF8B60300797BD6 /* Category+CoreDataProperties.swift in Sources */,
				EBFAB47C1F26F89500E7F95A /* PopupMaterialSelectViewController.swift in Sources */,
				EB58B1B11F22F1FF004BDE28 /* Material+CoreDataProperties.swift in Sources */,
				EBF320621EF16AC100797BD6 /* Settings.swift in Sources */,
				EBF320641EF4CF6B00797BD6 /* Utils.swift in Sources */,
				EBFAB47E1F2C20BE00E7F95A /* ApplicationContext.swift in Sources */,
				EBF3207E1F00DF5A00797BD6 /* DataList.swift in Sources */,
				EBE305631F1C58CB00DF56D7 /* AbstractRegistrationViewController.swift in Sources */,
				EBA9C4491E9E526400311E3B /* AppDelegate.swift in Sources */,
				EB28D33E1EBD594100E77397 /* RegistrationViewController.swift in Sources */,
				EBA9C4511E9E526400311E3B /* WineList.xcdatamodeld in Sources */,
				EB26A02F1F320C700040F42F /* PopupMaterialReferenceViewController.swift in Sources */,
				EBFAB4781F243EE600E7F95A /* MaterialMasterViewController.swift in Sources */,
				EB64ABEC1ECFD8250044151E /* LinkedList.swift in Sources */,
				EB9CBE201EAAFFB400238D52 /* Extention.swift in Sources */,
				EB9CBE701EB6CF8A00238D52 /* Wine+CoreDataProperties.swift in Sources */,
				EB28D33A1EBB655500E77397 /* ReferenceViewController.swift in Sources */,
				EB26A0411F3B4E0B0040F42F /* WineTableViewCell.swift in Sources */,
				EBFAB4801F2C30B000E7F95A /* MaterialSelectCollectionViewCell.swift in Sources */,
				EB9CBE721EB9A0D200238D52 /* Enum.swift in Sources */,
				EBF3206E1EF8A14300797BD6 /* CategoryMasterViewController.swift in Sources */,
				EB64ABEA1ECDDA630044151E /* WineList.swift in Sources */,
			);
			runOnlyForDeploymentPostprocessing = 0;
		};
		EBA9C4581E9E526400311E3B /* Sources */ = {
			isa = PBXSourcesBuildPhase;
			buildActionMask = 2147483647;
			files = (
				EBA9C4611E9E526400311E3B /* WineListTests.swift in Sources */,
			);
			runOnlyForDeploymentPostprocessing = 0;
		};
		EBA9C4631E9E526400311E3B /* Sources */ = {
			isa = PBXSourcesBuildPhase;
			buildActionMask = 2147483647;
			files = (
				EBA9C46C1E9E526400311E3B /* WineListUITests.swift in Sources */,
			);
			runOnlyForDeploymentPostprocessing = 0;
		};
/* End PBXSourcesBuildPhase section */

/* Begin PBXTargetDependency section */
		EBA9C45E1E9E526400311E3B /* PBXTargetDependency */ = {
			isa = PBXTargetDependency;
			target = EBA9C4441E9E526400311E3B /* WineList */;
			targetProxy = EBA9C45D1E9E526400311E3B /* PBXContainerItemProxy */;
		};
		EBA9C4691E9E526400311E3B /* PBXTargetDependency */ = {
			isa = PBXTargetDependency;
			target = EBA9C4441E9E526400311E3B /* WineList */;
			targetProxy = EBA9C4681E9E526400311E3B /* PBXContainerItemProxy */;
		};
/* End PBXTargetDependency section */

/* Begin PBXVariantGroup section */
		EBA9C44C1E9E526400311E3B /* Main.storyboard */ = {
			isa = PBXVariantGroup;
			children = (
				EBA9C44D1E9E526400311E3B /* Base */,
			);
			name = Main.storyboard;
			sourceTree = "<group>";
		};
/* End PBXVariantGroup section */

/* Begin XCBuildConfiguration section */
		EBA9C46E1E9E526400311E3B /* Debug */ = {
			isa = XCBuildConfiguration;
			buildSettings = {
				ALWAYS_SEARCH_USER_PATHS = NO;
				CLANG_ANALYZER_NONNULL = YES;
				CLANG_ANALYZER_NUMBER_OBJECT_CONVERSION = YES_AGGRESSIVE;
				CLANG_CXX_LANGUAGE_STANDARD = "gnu++0x";
				CLANG_CXX_LIBRARY = "libc++";
				CLANG_ENABLE_MODULES = YES;
				CLANG_ENABLE_OBJC_ARC = YES;
				CLANG_WARN_BOOL_CONVERSION = YES;
				CLANG_WARN_CONSTANT_CONVERSION = YES;
				CLANG_WARN_DIRECT_OBJC_ISA_USAGE = YES_ERROR;
				CLANG_WARN_DOCUMENTATION_COMMENTS = YES;
				CLANG_WARN_EMPTY_BODY = YES;
				CLANG_WARN_ENUM_CONVERSION = YES;
				CLANG_WARN_INFINITE_RECURSION = YES;
				CLANG_WARN_INT_CONVERSION = YES;
				CLANG_WARN_OBJC_ROOT_CLASS = YES_ERROR;
				CLANG_WARN_SUSPICIOUS_MOVE = YES;
				CLANG_WARN_UNREACHABLE_CODE = YES;
				CLANG_WARN__DUPLICATE_METHOD_MATCH = YES;
				"CODE_SIGN_IDENTITY[sdk=iphoneos*]" = "iPhone Developer";
				COPY_PHASE_STRIP = NO;
				DEBUG_INFORMATION_FORMAT = dwarf;
				ENABLE_STRICT_OBJC_MSGSEND = YES;
				ENABLE_TESTABILITY = YES;
				GCC_C_LANGUAGE_STANDARD = gnu99;
				GCC_DYNAMIC_NO_PIC = NO;
				GCC_NO_COMMON_BLOCKS = YES;
				GCC_OPTIMIZATION_LEVEL = 0;
				GCC_PREPROCESSOR_DEFINITIONS = (
					"DEBUG=1",
					"$(inherited)",
				);
				GCC_WARN_64_TO_32_BIT_CONVERSION = YES;
				GCC_WARN_ABOUT_RETURN_TYPE = YES_ERROR;
				GCC_WARN_UNDECLARED_SELECTOR = YES;
				GCC_WARN_UNINITIALIZED_AUTOS = YES_AGGRESSIVE;
				GCC_WARN_UNUSED_FUNCTION = YES;
				GCC_WARN_UNUSED_VARIABLE = YES;
				IPHONEOS_DEPLOYMENT_TARGET = 10.3;
				MTL_ENABLE_DEBUG_INFO = YES;
				ONLY_ACTIVE_ARCH = YES;
				SDKROOT = iphoneos;
				SWIFT_ACTIVE_COMPILATION_CONDITIONS = DEBUG;
				SWIFT_OPTIMIZATION_LEVEL = "-Onone";
				TARGETED_DEVICE_FAMILY = 2;
			};
			name = Debug;
		};
		EBA9C46F1E9E526400311E3B /* Release */ = {
			isa = XCBuildConfiguration;
			buildSettings = {
				ALWAYS_SEARCH_USER_PATHS = NO;
				CLANG_ANALYZER_NONNULL = YES;
				CLANG_ANALYZER_NUMBER_OBJECT_CONVERSION = YES_AGGRESSIVE;
				CLANG_CXX_LANGUAGE_STANDARD = "gnu++0x";
				CLANG_CXX_LIBRARY = "libc++";
				CLANG_ENABLE_MODULES = YES;
				CLANG_ENABLE_OBJC_ARC = YES;
				CLANG_WARN_BOOL_CONVERSION = YES;
				CLANG_WARN_CONSTANT_CONVERSION = YES;
				CLANG_WARN_DIRECT_OBJC_ISA_USAGE = YES_ERROR;
				CLANG_WARN_DOCUMENTATION_COMMENTS = YES;
				CLANG_WARN_EMPTY_BODY = YES;
				CLANG_WARN_ENUM_CONVERSION = YES;
				CLANG_WARN_INFINITE_RECURSION = YES;
				CLANG_WARN_INT_CONVERSION = YES;
				CLANG_WARN_OBJC_ROOT_CLASS = YES_ERROR;
				CLANG_WARN_SUSPICIOUS_MOVE = YES;
				CLANG_WARN_UNREACHABLE_CODE = YES;
				CLANG_WARN__DUPLICATE_METHOD_MATCH = YES;
				"CODE_SIGN_IDENTITY[sdk=iphoneos*]" = "iPhone Developer";
				COPY_PHASE_STRIP = NO;
				DEBUG_INFORMATION_FORMAT = "dwarf-with-dsym";
				ENABLE_NS_ASSERTIONS = NO;
				ENABLE_STRICT_OBJC_MSGSEND = YES;
				GCC_C_LANGUAGE_STANDARD = gnu99;
				GCC_NO_COMMON_BLOCKS = YES;
				GCC_WARN_64_TO_32_BIT_CONVERSION = YES;
				GCC_WARN_ABOUT_RETURN_TYPE = YES_ERROR;
				GCC_WARN_UNDECLARED_SELECTOR = YES;
				GCC_WARN_UNINITIALIZED_AUTOS = YES_AGGRESSIVE;
				GCC_WARN_UNUSED_FUNCTION = YES;
				GCC_WARN_UNUSED_VARIABLE = YES;
				IPHONEOS_DEPLOYMENT_TARGET = 10.3;
				MTL_ENABLE_DEBUG_INFO = NO;
				SDKROOT = iphoneos;
				SWIFT_OPTIMIZATION_LEVEL = "-Owholemodule";
				TARGETED_DEVICE_FAMILY = 2;
				VALIDATE_PRODUCT = YES;
			};
			name = Release;
		};
		EBA9C4711E9E526400311E3B /* Debug */ = {
			isa = XCBuildConfiguration;
			buildSettings = {
				ASSETCATALOG_COMPILER_APPICON_NAME = AppIcon;
				DEVELOPMENT_TEAM = Z54726MSTW;
				INFOPLIST_FILE = WineList/Info.plist;
				LD_RUNPATH_SEARCH_PATHS = "$(inherited) @executable_path/Frameworks";
				PRODUCT_BUNDLE_IDENTIFIER = tsurulab.jp.WineList;
				PRODUCT_NAME = "$(TARGET_NAME)";
				SWIFT_VERSION = 3.0;
			};
			name = Debug;
		};
		EBA9C4721E9E526400311E3B /* Release */ = {
			isa = XCBuildConfiguration;
			buildSettings = {
				ASSETCATALOG_COMPILER_APPICON_NAME = AppIcon;
				DEVELOPMENT_TEAM = Z54726MSTW;
				INFOPLIST_FILE = WineList/Info.plist;
				LD_RUNPATH_SEARCH_PATHS = "$(inherited) @executable_path/Frameworks";
				PRODUCT_BUNDLE_IDENTIFIER = tsurulab.jp.WineList;
				PRODUCT_NAME = "$(TARGET_NAME)";
				SWIFT_VERSION = 3.0;
			};
			name = Release;
		};
		EBA9C4741E9E526400311E3B /* Debug */ = {
			isa = XCBuildConfiguration;
			buildSettings = {
				ALWAYS_EMBED_SWIFT_STANDARD_LIBRARIES = YES;
				BUNDLE_LOADER = "$(TEST_HOST)";
				DEVELOPMENT_TEAM = Z54726MSTW;
				INFOPLIST_FILE = WineListTests/Info.plist;
				LD_RUNPATH_SEARCH_PATHS = "$(inherited) @executable_path/Frameworks @loader_path/Frameworks";
				PRODUCT_BUNDLE_IDENTIFIER = tsurulab.jp.WineListTests;
				PRODUCT_NAME = "$(TARGET_NAME)";
				SWIFT_VERSION = 3.0;
				TEST_HOST = "$(BUILT_PRODUCTS_DIR)/WineList.app/WineList";
			};
			name = Debug;
		};
		EBA9C4751E9E526400311E3B /* Release */ = {
			isa = XCBuildConfiguration;
			buildSettings = {
				ALWAYS_EMBED_SWIFT_STANDARD_LIBRARIES = YES;
				BUNDLE_LOADER = "$(TEST_HOST)";
				DEVELOPMENT_TEAM = Z54726MSTW;
				INFOPLIST_FILE = WineListTests/Info.plist;
				LD_RUNPATH_SEARCH_PATHS = "$(inherited) @executable_path/Frameworks @loader_path/Frameworks";
				PRODUCT_BUNDLE_IDENTIFIER = tsurulab.jp.WineListTests;
				PRODUCT_NAME = "$(TARGET_NAME)";
				SWIFT_VERSION = 3.0;
				TEST_HOST = "$(BUILT_PRODUCTS_DIR)/WineList.app/WineList";
			};
			name = Release;
		};
		EBA9C4771E9E526400311E3B /* Debug */ = {
			isa = XCBuildConfiguration;
			buildSettings = {
				ALWAYS_EMBED_SWIFT_STANDARD_LIBRARIES = YES;
				DEVELOPMENT_TEAM = Z54726MSTW;
				INFOPLIST_FILE = WineListUITests/Info.plist;
				LD_RUNPATH_SEARCH_PATHS = "$(inherited) @executable_path/Frameworks @loader_path/Frameworks";
				PRODUCT_BUNDLE_IDENTIFIER = tsurulab.jp.WineListUITests;
				PRODUCT_NAME = "$(TARGET_NAME)";
				SWIFT_VERSION = 3.0;
				TEST_TARGET_NAME = WineList;
			};
			name = Debug;
		};
		EBA9C4781E9E526400311E3B /* Release */ = {
			isa = XCBuildConfiguration;
			buildSettings = {
				ALWAYS_EMBED_SWIFT_STANDARD_LIBRARIES = YES;
				DEVELOPMENT_TEAM = Z54726MSTW;
				INFOPLIST_FILE = WineListUITests/Info.plist;
				LD_RUNPATH_SEARCH_PATHS = "$(inherited) @executable_path/Frameworks @loader_path/Frameworks";
				PRODUCT_BUNDLE_IDENTIFIER = tsurulab.jp.WineListUITests;
				PRODUCT_NAME = "$(TARGET_NAME)";
				SWIFT_VERSION = 3.0;
				TEST_TARGET_NAME = WineList;
			};
			name = Release;
		};
/* End XCBuildConfiguration section */

/* Begin XCConfigurationList section */
		EBA9C4401E9E526400311E3B /* Build configuration list for PBXProject "WineList" */ = {
			isa = XCConfigurationList;
			buildConfigurations = (
				EBA9C46E1E9E526400311E3B /* Debug */,
				EBA9C46F1E9E526400311E3B /* Release */,
			);
			defaultConfigurationIsVisible = 0;
			defaultConfigurationName = Release;
		};
		EBA9C4701E9E526400311E3B /* Build configuration list for PBXNativeTarget "WineList" */ = {
			isa = XCConfigurationList;
			buildConfigurations = (
				EBA9C4711E9E526400311E3B /* Debug */,
				EBA9C4721E9E526400311E3B /* Release */,
			);
			defaultConfigurationIsVisible = 0;
			defaultConfigurationName = Release;
		};
		EBA9C4731E9E526400311E3B /* Build configuration list for PBXNativeTarget "WineListTests" */ = {
			isa = XCConfigurationList;
			buildConfigurations = (
				EBA9C4741E9E526400311E3B /* Debug */,
				EBA9C4751E9E526400311E3B /* Release */,
			);
			defaultConfigurationIsVisible = 0;
			defaultConfigurationName = Release;
		};
		EBA9C4761E9E526400311E3B /* Build configuration list for PBXNativeTarget "WineListUITests" */ = {
			isa = XCConfigurationList;
			buildConfigurations = (
				EBA9C4771E9E526400311E3B /* Debug */,
				EBA9C4781E9E526400311E3B /* Release */,
			);
			defaultConfigurationIsVisible = 0;
			defaultConfigurationName = Release;
		};
/* End XCConfigurationList section */

/* Begin XCVersionGroup section */
		EBA9C44F1E9E526400311E3B /* WineList.xcdatamodeld */ = {
			isa = XCVersionGroup;
			children = (
				EBA9C4501E9E526400311E3B /* WineList.xcdatamodel */,
			);
			currentVersion = EBA9C4501E9E526400311E3B /* WineList.xcdatamodel */;
			path = WineList.xcdatamodeld;
			sourceTree = "<group>";
			versionGroupType = wrapper.xcdatamodel;
		};
/* End XCVersionGroup section */
	};
	rootObject = EBA9C43D1E9E526400311E3B /* Project object */;
}
